// !$*UTF8*$!
{
	archiveVersion = 1;
	classes = {
	};
	objectVersion = 55;
	objects = {

/* Begin PBXBuildFile section */
		D4B8218B14678D89E5910205 /* Pods_CaptureVocabulary.framework in Frameworks */ = {isa = PBXBuildFile; fileRef = 80DD2698807B9C9A236E78A2 /* Pods_CaptureVocabulary.framework */; };
		F5071C9E282BBD8F00813841 /* Speaker.swift in Sources */ = {isa = PBXBuildFile; fileRef = F5071C9D282BBD8F00813841 /* Speaker.swift */; };
		F50952B6281FE81B000C74B0 /* ORMTranslateAble.swift in Sources */ = {isa = PBXBuildFile; fileRef = F50952B5281FE81B000C74B0 /* ORMTranslateAble.swift */; };
		F50952B8281FE865000C74B0 /* SQLCore.swift in Sources */ = {isa = PBXBuildFile; fileRef = F50952B7281FE865000C74B0 /* SQLCore.swift */; };
		F50952BA28267A43000C74B0 /* UIPickerViewController.swift in Sources */ = {isa = PBXBuildFile; fileRef = F50952B928267A43000C74B0 /* UIPickerViewController.swift */; };
		F50952BE282781CA000C74B0 /* TabBarCoordinator.swift in Sources */ = {isa = PBXBuildFile; fileRef = F50952BD282781CA000C74B0 /* TabBarCoordinator.swift */; };
		F50952C12827BEB8000C74B0 /* VocabularyListCoordinator.swift in Sources */ = {isa = PBXBuildFile; fileRef = F50952C02827BEB8000C74B0 /* VocabularyListCoordinator.swift */; };
		F50952C428280B62000C74B0 /* VocabularyCardsCoordinator.swift in Sources */ = {isa = PBXBuildFile; fileRef = F50952C328280B62000C74B0 /* VocabularyCardsCoordinator.swift */; };
		F50952C628297B90000C74B0 /* VocabularyListViewController.swift in Sources */ = {isa = PBXBuildFile; fileRef = F50952C528297B90000C74B0 /* VocabularyListViewController.swift */; };
		F50952C828297BC9000C74B0 /* VocabularyListViewModel.swift in Sources */ = {isa = PBXBuildFile; fileRef = F50952C728297BC9000C74B0 /* VocabularyListViewModel.swift */; };
		F50952CA28297E1A000C74B0 /* VocabularyListCell.swift in Sources */ = {isa = PBXBuildFile; fileRef = F50952C928297E1A000C74B0 /* VocabularyListCell.swift */; };
		F52A6549283DDC540094357B /* VocabularyCardCell.swift in Sources */ = {isa = PBXBuildFile; fileRef = F52A6548283DDC540094357B /* VocabularyCardCell.swift */; };
		F52A654C2843A2730094357B /* ActiveSwitchButton.swift in Sources */ = {isa = PBXBuildFile; fileRef = F52A654B2843A2730094357B /* ActiveSwitchButton.swift */; };
		F53771C82812985B003F892D /* key.plist in Resources */ = {isa = PBXBuildFile; fileRef = F53771C72812985B003F892D /* key.plist */; };
		F53771CD2812B4D7003F892D /* Decision.swift in Sources */ = {isa = PBXBuildFile; fileRef = F53771CA2812B4D7003F892D /* Decision.swift */; };
		F53771CE2812B4D7003F892D /* MoyaProvider+Ext.swift in Sources */ = {isa = PBXBuildFile; fileRef = F53771CB2812B4D7003F892D /* MoyaProvider+Ext.swift */; };
		F53771CF2812B4D7003F892D /* Request.swift in Sources */ = {isa = PBXBuildFile; fileRef = F53771CC2812B4D7003F892D /* Request.swift */; };
		F57F807029140E4B00B6FD9E /* CaptureVocabularyViewController.swift in Sources */ = {isa = PBXBuildFile; fileRef = F57F806F29140E4B00B6FD9E /* CaptureVocabularyViewController.swift */; };
		F57F807229140EA400B6FD9E /* CaptureVocabularyViewModel.swift in Sources */ = {isa = PBXBuildFile; fileRef = F57F807129140EA400B6FD9E /* CaptureVocabularyViewModel.swift */; };
		F58A860628140ED10005CD34 /* AzureRequest.swift in Sources */ = {isa = PBXBuildFile; fileRef = F58A860528140ED10005CD34 /* AzureRequest.swift */; };
		F58A8608281411080005CD34 /* HeaderStorage.swift in Sources */ = {isa = PBXBuildFile; fileRef = F58A8607281411080005CD34 /* HeaderStorage.swift */; };
		F58A860B281428670005CD34 /* StanderDecision.swift in Sources */ = {isa = PBXBuildFile; fileRef = F58A860A281428670005CD34 /* StanderDecision.swift */; };
		F58A860D28142A110005CD34 /* RequestBuilder.swift in Sources */ = {isa = PBXBuildFile; fileRef = F58A860C28142A110005CD34 /* RequestBuilder.swift */; };
		F599B36628E3014100C551D8 /* YDService.swift in Sources */ = {isa = PBXBuildFile; fileRef = F599B36528E3014100C551D8 /* YDService.swift */; };
		F599B36828E306EB00C551D8 /* Data+Ext.swift in Sources */ = {isa = PBXBuildFile; fileRef = F599B36728E306EB00C551D8 /* Data+Ext.swift */; };
		F5A16307280AE4FB00257ABF /* VisionCaptureViewController.swift in Sources */ = {isa = PBXBuildFile; fileRef = F5A16306280AE4FB00257ABF /* VisionCaptureViewController.swift */; };
		F5A1630A280BF13300257ABF /* Coordinator.swift in Sources */ = {isa = PBXBuildFile; fileRef = F5A16308280BF13300257ABF /* Coordinator.swift */; };
		F5A1630B280BF13300257ABF /* Coordinating.swift in Sources */ = {isa = PBXBuildFile; fileRef = F5A16309280BF13300257ABF /* Coordinating.swift */; };
		F5A1630D280BF14B00257ABF /* TableViewCellTemplate.swift in Sources */ = {isa = PBXBuildFile; fileRef = F5A1630C280BF14B00257ABF /* TableViewCellTemplate.swift */; };
		F5A16311280C759600257ABF /* CaptureVocabularyCoordinator.swift in Sources */ = {isa = PBXBuildFile; fileRef = F5A16310280C759600257ABF /* CaptureVocabularyCoordinator.swift */; };
		F5A16314280DBAFA00257ABF /* Array+Ext.swift in Sources */ = {isa = PBXBuildFile; fileRef = F5A16313280DBAFA00257ABF /* Array+Ext.swift */; };
		F5A4CF7828E5A6A100600E21 /* YDRequest.swift in Sources */ = {isa = PBXBuildFile; fileRef = F5A4CF7728E5A6A100600E21 /* YDRequest.swift */; };
		F5A4CF7A28E6FA0D00600E21 /* Encodable+Ext.swift in Sources */ = {isa = PBXBuildFile; fileRef = F5A4CF7928E6FA0D00600E21 /* Encodable+Ext.swift */; };
		F5A4CF7C28E6FC0400600E21 /* YDTranslateAPI.swift in Sources */ = {isa = PBXBuildFile; fileRef = F5A4CF7B28E6FC0400600E21 /* YDTranslateAPI.swift */; };
		F5B5EAD7281454B7000DD57B /* AzureTranslate.swift in Sources */ = {isa = PBXBuildFile; fileRef = F5B5EAD6281454B7000DD57B /* AzureTranslate.swift */; };
		F5B5EAD928145720000DD57B /* AzureDictionary.swift in Sources */ = {isa = PBXBuildFile; fileRef = F5B5EAD828145720000DD57B /* AzureDictionary.swift */; };
		F5B5EADB28145B6C000DD57B /* PlistReader.swift in Sources */ = {isa = PBXBuildFile; fileRef = F5B5EADA28145B6C000DD57B /* PlistReader.swift */; };
		F5C2006928071DE200A3AAB6 /* AppDelegate.swift in Sources */ = {isa = PBXBuildFile; fileRef = F5C2006828071DE200A3AAB6 /* AppDelegate.swift */; };
		F5C2006B28071DE200A3AAB6 /* SceneDelegate.swift in Sources */ = {isa = PBXBuildFile; fileRef = F5C2006A28071DE200A3AAB6 /* SceneDelegate.swift */; };
		F5C2006D28071DE200A3AAB6 /* ViewController.swift in Sources */ = {isa = PBXBuildFile; fileRef = F5C2006C28071DE200A3AAB6 /* ViewController.swift */; };
		F5C2007028071DE200A3AAB6 /* Main.storyboard in Resources */ = {isa = PBXBuildFile; fileRef = F5C2006E28071DE200A3AAB6 /* Main.storyboard */; };
		F5C2007228071DE400A3AAB6 /* Assets.xcassets in Resources */ = {isa = PBXBuildFile; fileRef = F5C2007128071DE400A3AAB6 /* Assets.xcassets */; };
		F5C2007528071DE400A3AAB6 /* LaunchScreen.storyboard in Resources */ = {isa = PBXBuildFile; fileRef = F5C2007328071DE400A3AAB6 /* LaunchScreen.storyboard */; };
		F5CB21D028EEE0DF0052A17E /* YDTranslateORM.swift in Sources */ = {isa = PBXBuildFile; fileRef = F5CB21CF28EEE0DF0052A17E /* YDTranslateORM.swift */; };
		F5CBF58D28156B940088C801 /* UIStackView+Ext.swift in Sources */ = {isa = PBXBuildFile; fileRef = F5CBF58C28156B940088C801 /* UIStackView+Ext.swift */; };
		F5CBF5902815718E0088C801 /* PopupViewController.swift in Sources */ = {isa = PBXBuildFile; fileRef = F5CBF58F2815718E0088C801 /* PopupViewController.swift */; };
		F5CBF59428159FE30088C801 /* VocabularyViewController.swift in Sources */ = {isa = PBXBuildFile; fileRef = F5CBF59328159FE30088C801 /* VocabularyViewController.swift */; };
		F5CBF5962815A0480088C801 /* CreateVocabularyCoordinator.swift in Sources */ = {isa = PBXBuildFile; fileRef = F5CBF5952815A0480088C801 /* CreateVocabularyCoordinator.swift */; };
		F5CBF5982815BFF30088C801 /* Operators.swift in Sources */ = {isa = PBXBuildFile; fileRef = F5CBF5972815BFF30088C801 /* Operators.swift */; };
		F5CBF59A2816DCF00088C801 /* AzureDictionary.json in Resources */ = {isa = PBXBuildFile; fileRef = F5CBF5992816DCF00088C801 /* AzureDictionary.json */; };
		F5CBF5AE2816EEDB0088C801 /* GBig.swift in Sources */ = {isa = PBXBuildFile; fileRef = F5CBF5AD2816EEDB0088C801 /* GBig.swift */; };
		F5E4DE3D28F43F6200764328 /* VocabularyViewModel.swift in Sources */ = {isa = PBXBuildFile; fileRef = F5E4DE3C28F43F6200764328 /* VocabularyViewModel.swift */; };
		F5E64829281E70CA00F8F423 /* String+Ext.swift in Sources */ = {isa = PBXBuildFile; fileRef = F5E64828281E70CA00F8F423 /* String+Ext.swift */; };
		F5E6482C281E727100F8F423 /* VocabularyCardORM.swift in Sources */ = {isa = PBXBuildFile; fileRef = F5E6482B281E727100F8F423 /* VocabularyCardORM.swift */; };
		F5E64839281EC3BC00F8F423 /* AzureDictionaryORM.swift in Sources */ = {isa = PBXBuildFile; fileRef = F5E64838281EC3BC00F8F423 /* AzureDictionaryORM.swift */; };
		F5E660312830DFD100277222 /* ReviewCoordinator.swift in Sources */ = {isa = PBXBuildFile; fileRef = F5E660302830DFD100277222 /* ReviewCoordinator.swift */; };
		F5E66033283108CC00277222 /* UserDefaultUtility.swift in Sources */ = {isa = PBXBuildFile; fileRef = F5E66032283108CB00277222 /* UserDefaultUtility.swift */; };
		F5E6603628311BEE00277222 /* UserDefaultsKeys.swift in Sources */ = {isa = PBXBuildFile; fileRef = F5E6603528311BEE00277222 /* UserDefaultsKeys.swift */; };
/* End PBXBuildFile section */

/* Begin PBXFileReference section */
		382A1C8E5C936C3D771D5899 /* Pods-CaptureVocabulary.debug.xcconfig */ = {isa = PBXFileReference; includeInIndex = 1; lastKnownFileType = text.xcconfig; name = "Pods-CaptureVocabulary.debug.xcconfig"; path = "Target Support Files/Pods-CaptureVocabulary/Pods-CaptureVocabulary.debug.xcconfig"; sourceTree = "<group>"; };
		4C5BDBBA04111B67CDDDFCD4 /* Pods-CaptureVocabulary.release.xcconfig */ = {isa = PBXFileReference; includeInIndex = 1; lastKnownFileType = text.xcconfig; name = "Pods-CaptureVocabulary.release.xcconfig"; path = "Target Support Files/Pods-CaptureVocabulary/Pods-CaptureVocabulary.release.xcconfig"; sourceTree = "<group>"; };
		80DD2698807B9C9A236E78A2 /* Pods_CaptureVocabulary.framework */ = {isa = PBXFileReference; explicitFileType = wrapper.framework; includeInIndex = 0; path = Pods_CaptureVocabulary.framework; sourceTree = BUILT_PRODUCTS_DIR; };
		F5071C9D282BBD8F00813841 /* Speaker.swift */ = {isa = PBXFileReference; lastKnownFileType = sourcecode.swift; path = Speaker.swift; sourceTree = "<group>"; };
		F50952B5281FE81B000C74B0 /* ORMTranslateAble.swift */ = {isa = PBXFileReference; lastKnownFileType = sourcecode.swift; path = ORMTranslateAble.swift; sourceTree = "<group>"; };
		F50952B7281FE865000C74B0 /* SQLCore.swift */ = {isa = PBXFileReference; lastKnownFileType = sourcecode.swift; path = SQLCore.swift; sourceTree = "<group>"; };
		F50952B928267A43000C74B0 /* UIPickerViewController.swift */ = {isa = PBXFileReference; lastKnownFileType = sourcecode.swift; path = UIPickerViewController.swift; sourceTree = "<group>"; };
		F50952BD282781CA000C74B0 /* TabBarCoordinator.swift */ = {isa = PBXFileReference; lastKnownFileType = sourcecode.swift; path = TabBarCoordinator.swift; sourceTree = "<group>"; };
		F50952C02827BEB8000C74B0 /* VocabularyListCoordinator.swift */ = {isa = PBXFileReference; lastKnownFileType = sourcecode.swift; path = VocabularyListCoordinator.swift; sourceTree = "<group>"; };
		F50952C328280B62000C74B0 /* VocabularyCardsCoordinator.swift */ = {isa = PBXFileReference; lastKnownFileType = sourcecode.swift; path = VocabularyCardsCoordinator.swift; sourceTree = "<group>"; };
		F50952C528297B90000C74B0 /* VocabularyListViewController.swift */ = {isa = PBXFileReference; lastKnownFileType = sourcecode.swift; path = VocabularyListViewController.swift; sourceTree = "<group>"; };
		F50952C728297BC9000C74B0 /* VocabularyListViewModel.swift */ = {isa = PBXFileReference; lastKnownFileType = sourcecode.swift; path = VocabularyListViewModel.swift; sourceTree = "<group>"; };
		F50952C928297E1A000C74B0 /* VocabularyListCell.swift */ = {isa = PBXFileReference; lastKnownFileType = sourcecode.swift; path = VocabularyListCell.swift; sourceTree = "<group>"; };
		F52A6548283DDC540094357B /* VocabularyCardCell.swift */ = {isa = PBXFileReference; lastKnownFileType = sourcecode.swift; path = VocabularyCardCell.swift; sourceTree = "<group>"; };
		F52A654B2843A2730094357B /* ActiveSwitchButton.swift */ = {isa = PBXFileReference; lastKnownFileType = sourcecode.swift; path = ActiveSwitchButton.swift; sourceTree = "<group>"; };
		F53771C72812985B003F892D /* key.plist */ = {isa = PBXFileReference; lastKnownFileType = text.plist.xml; path = key.plist; sourceTree = "<group>"; };
		F53771CA2812B4D7003F892D /* Decision.swift */ = {isa = PBXFileReference; fileEncoding = 4; lastKnownFileType = sourcecode.swift; path = Decision.swift; sourceTree = "<group>"; };
		F53771CB2812B4D7003F892D /* MoyaProvider+Ext.swift */ = {isa = PBXFileReference; fileEncoding = 4; lastKnownFileType = sourcecode.swift; path = "MoyaProvider+Ext.swift"; sourceTree = "<group>"; };
		F53771CC2812B4D7003F892D /* Request.swift */ = {isa = PBXFileReference; fileEncoding = 4; lastKnownFileType = sourcecode.swift; path = Request.swift; sourceTree = "<group>"; };
		F57F806F29140E4B00B6FD9E /* CaptureVocabularyViewController.swift */ = {isa = PBXFileReference; lastKnownFileType = sourcecode.swift; path = CaptureVocabularyViewController.swift; sourceTree = "<group>"; };
		F57F807129140EA400B6FD9E /* CaptureVocabularyViewModel.swift */ = {isa = PBXFileReference; lastKnownFileType = sourcecode.swift; path = CaptureVocabularyViewModel.swift; sourceTree = "<group>"; };
		F58A860528140ED10005CD34 /* AzureRequest.swift */ = {isa = PBXFileReference; lastKnownFileType = sourcecode.swift; path = AzureRequest.swift; sourceTree = "<group>"; };
		F58A8607281411080005CD34 /* HeaderStorage.swift */ = {isa = PBXFileReference; lastKnownFileType = sourcecode.swift; path = HeaderStorage.swift; sourceTree = "<group>"; };
		F58A860A281428670005CD34 /* StanderDecision.swift */ = {isa = PBXFileReference; fileEncoding = 4; lastKnownFileType = sourcecode.swift; path = StanderDecision.swift; sourceTree = "<group>"; };
		F58A860C28142A110005CD34 /* RequestBuilder.swift */ = {isa = PBXFileReference; fileEncoding = 4; lastKnownFileType = sourcecode.swift; path = RequestBuilder.swift; sourceTree = "<group>"; };
		F599B36528E3014100C551D8 /* YDService.swift */ = {isa = PBXFileReference; lastKnownFileType = sourcecode.swift; path = YDService.swift; sourceTree = "<group>"; };
		F599B36728E306EB00C551D8 /* Data+Ext.swift */ = {isa = PBXFileReference; lastKnownFileType = sourcecode.swift; path = "Data+Ext.swift"; sourceTree = "<group>"; };
		F5A16306280AE4FB00257ABF /* VisionCaptureViewController.swift */ = {isa = PBXFileReference; lastKnownFileType = sourcecode.swift; path = VisionCaptureViewController.swift; sourceTree = "<group>"; };
		F5A16308280BF13300257ABF /* Coordinator.swift */ = {isa = PBXFileReference; fileEncoding = 4; lastKnownFileType = sourcecode.swift; path = Coordinator.swift; sourceTree = "<group>"; };
		F5A16309280BF13300257ABF /* Coordinating.swift */ = {isa = PBXFileReference; fileEncoding = 4; lastKnownFileType = sourcecode.swift; path = Coordinating.swift; sourceTree = "<group>"; };
		F5A1630C280BF14B00257ABF /* TableViewCellTemplate.swift */ = {isa = PBXFileReference; fileEncoding = 4; lastKnownFileType = sourcecode.swift; path = TableViewCellTemplate.swift; sourceTree = "<group>"; };
		F5A16310280C759600257ABF /* CaptureVocabularyCoordinator.swift */ = {isa = PBXFileReference; lastKnownFileType = sourcecode.swift; path = CaptureVocabularyCoordinator.swift; sourceTree = "<group>"; };
		F5A16313280DBAFA00257ABF /* Array+Ext.swift */ = {isa = PBXFileReference; lastKnownFileType = sourcecode.swift; path = "Array+Ext.swift"; sourceTree = "<group>"; };
		F5A4CF7728E5A6A100600E21 /* YDRequest.swift */ = {isa = PBXFileReference; lastKnownFileType = sourcecode.swift; path = YDRequest.swift; sourceTree = "<group>"; };
		F5A4CF7928E6FA0D00600E21 /* Encodable+Ext.swift */ = {isa = PBXFileReference; lastKnownFileType = sourcecode.swift; path = "Encodable+Ext.swift"; sourceTree = "<group>"; };
		F5A4CF7B28E6FC0400600E21 /* YDTranslateAPI.swift */ = {isa = PBXFileReference; lastKnownFileType = sourcecode.swift; path = YDTranslateAPI.swift; sourceTree = "<group>"; };
		F5B5EAD6281454B7000DD57B /* AzureTranslate.swift */ = {isa = PBXFileReference; lastKnownFileType = sourcecode.swift; path = AzureTranslate.swift; sourceTree = "<group>"; };
		F5B5EAD828145720000DD57B /* AzureDictionary.swift */ = {isa = PBXFileReference; lastKnownFileType = sourcecode.swift; path = AzureDictionary.swift; sourceTree = "<group>"; };
		F5B5EADA28145B6C000DD57B /* PlistReader.swift */ = {isa = PBXFileReference; lastKnownFileType = sourcecode.swift; path = PlistReader.swift; sourceTree = "<group>"; };
		F5C2006528071DE200A3AAB6 /* CaptureVocabulary.app */ = {isa = PBXFileReference; explicitFileType = wrapper.application; includeInIndex = 0; path = CaptureVocabulary.app; sourceTree = BUILT_PRODUCTS_DIR; };
		F5C2006828071DE200A3AAB6 /* AppDelegate.swift */ = {isa = PBXFileReference; lastKnownFileType = sourcecode.swift; path = AppDelegate.swift; sourceTree = "<group>"; };
		F5C2006A28071DE200A3AAB6 /* SceneDelegate.swift */ = {isa = PBXFileReference; lastKnownFileType = sourcecode.swift; path = SceneDelegate.swift; sourceTree = "<group>"; };
		F5C2006C28071DE200A3AAB6 /* ViewController.swift */ = {isa = PBXFileReference; lastKnownFileType = sourcecode.swift; path = ViewController.swift; sourceTree = "<group>"; };
		F5C2006F28071DE200A3AAB6 /* Base */ = {isa = PBXFileReference; lastKnownFileType = file.storyboard; name = Base; path = Base.lproj/Main.storyboard; sourceTree = "<group>"; };
		F5C2007128071DE400A3AAB6 /* Assets.xcassets */ = {isa = PBXFileReference; lastKnownFileType = folder.assetcatalog; path = Assets.xcassets; sourceTree = "<group>"; };
		F5C2007428071DE400A3AAB6 /* Base */ = {isa = PBXFileReference; lastKnownFileType = file.storyboard; name = Base; path = Base.lproj/LaunchScreen.storyboard; sourceTree = "<group>"; };
		F5C2007628071DE400A3AAB6 /* Info.plist */ = {isa = PBXFileReference; lastKnownFileType = text.plist.xml; path = Info.plist; sourceTree = "<group>"; };
		F5CB21CF28EEE0DF0052A17E /* YDTranslateORM.swift */ = {isa = PBXFileReference; lastKnownFileType = sourcecode.swift; path = YDTranslateORM.swift; sourceTree = "<group>"; };
		F5CBF58C28156B940088C801 /* UIStackView+Ext.swift */ = {isa = PBXFileReference; lastKnownFileType = sourcecode.swift; path = "UIStackView+Ext.swift"; sourceTree = "<group>"; };
		F5CBF58F2815718E0088C801 /* PopupViewController.swift */ = {isa = PBXFileReference; lastKnownFileType = sourcecode.swift; path = PopupViewController.swift; sourceTree = "<group>"; };
		F5CBF59328159FE30088C801 /* VocabularyViewController.swift */ = {isa = PBXFileReference; lastKnownFileType = sourcecode.swift; path = VocabularyViewController.swift; sourceTree = "<group>"; };
		F5CBF5952815A0480088C801 /* CreateVocabularyCoordinator.swift */ = {isa = PBXFileReference; lastKnownFileType = sourcecode.swift; path = CreateVocabularyCoordinator.swift; sourceTree = "<group>"; };
		F5CBF5972815BFF30088C801 /* Operators.swift */ = {isa = PBXFileReference; lastKnownFileType = sourcecode.swift; path = Operators.swift; sourceTree = "<group>"; };
		F5CBF5992816DCF00088C801 /* AzureDictionary.json */ = {isa = PBXFileReference; lastKnownFileType = text.json; path = AzureDictionary.json; sourceTree = "<group>"; };
		F5CBF5AD2816EEDB0088C801 /* GBig.swift */ = {isa = PBXFileReference; lastKnownFileType = sourcecode.swift; path = GBig.swift; sourceTree = "<group>"; };
		F5E4DE3C28F43F6200764328 /* VocabularyViewModel.swift */ = {isa = PBXFileReference; lastKnownFileType = sourcecode.swift; path = VocabularyViewModel.swift; sourceTree = "<group>"; };
		F5E64828281E70CA00F8F423 /* String+Ext.swift */ = {isa = PBXFileReference; lastKnownFileType = sourcecode.swift; path = "String+Ext.swift"; sourceTree = "<group>"; };
		F5E6482B281E727100F8F423 /* VocabularyCardORM.swift */ = {isa = PBXFileReference; lastKnownFileType = sourcecode.swift; path = VocabularyCardORM.swift; sourceTree = "<group>"; };
		F5E64838281EC3BC00F8F423 /* AzureDictionaryORM.swift */ = {isa = PBXFileReference; lastKnownFileType = sourcecode.swift; path = AzureDictionaryORM.swift; sourceTree = "<group>"; };
		F5E660302830DFD100277222 /* ReviewCoordinator.swift */ = {isa = PBXFileReference; lastKnownFileType = sourcecode.swift; path = ReviewCoordinator.swift; sourceTree = "<group>"; };
		F5E66032283108CB00277222 /* UserDefaultUtility.swift */ = {isa = PBXFileReference; lastKnownFileType = sourcecode.swift; path = UserDefaultUtility.swift; sourceTree = "<group>"; };
		F5E6603528311BEE00277222 /* UserDefaultsKeys.swift */ = {isa = PBXFileReference; lastKnownFileType = sourcecode.swift; path = UserDefaultsKeys.swift; sourceTree = "<group>"; };
/* End PBXFileReference section */

/* Begin PBXFrameworksBuildPhase section */
		F5C2006228071DE200A3AAB6 /* Frameworks */ = {
			isa = PBXFrameworksBuildPhase;
			buildActionMask = 2147483647;
			files = (
				D4B8218B14678D89E5910205 /* Pods_CaptureVocabulary.framework in Frameworks */,
			);
			runOnlyForDeploymentPostprocessing = 0;
		};
/* End PBXFrameworksBuildPhase section */

/* Begin PBXGroup section */
		BF02FDD175A511553E67A71A /* Frameworks */ = {
			isa = PBXGroup;
			children = (
				80DD2698807B9C9A236E78A2 /* Pods_CaptureVocabulary.framework */,
			);
			name = Frameworks;
			sourceTree = "<group>";
		};
		C7B333893350BF009DE1DD2F /* Pods */ = {
			isa = PBXGroup;
			children = (
				382A1C8E5C936C3D771D5899 /* Pods-CaptureVocabulary.debug.xcconfig */,
				4C5BDBBA04111B67CDDDFCD4 /* Pods-CaptureVocabulary.release.xcconfig */,
			);
			path = Pods;
			sourceTree = "<group>";
		};
		F50952BB28278192000C74B0 /* Tabbar */ = {
			isa = PBXGroup;
			children = (
				F50952BD282781CA000C74B0 /* TabBarCoordinator.swift */,
			);
			path = Tabbar;
			sourceTree = "<group>";
		};
		F50952BF2827BE46000C74B0 /* VocabularyList */ = {
			isa = PBXGroup;
			children = (
				F50952C02827BEB8000C74B0 /* VocabularyListCoordinator.swift */,
				F50952C528297B90000C74B0 /* VocabularyListViewController.swift */,
				F50952C728297BC9000C74B0 /* VocabularyListViewModel.swift */,
				F50952C928297E1A000C74B0 /* VocabularyListCell.swift */,
			);
			path = VocabularyList;
			sourceTree = "<group>";
		};
		F50952C228280B33000C74B0 /* VocabularyCards */ = {
			isa = PBXGroup;
			children = (
				F50952C328280B62000C74B0 /* VocabularyCardsCoordinator.swift */,
				F52A6548283DDC540094357B /* VocabularyCardCell.swift */,
			);
			path = VocabularyCards;
			sourceTree = "<group>";
		};
		F52A654A2843A23D0094357B /* Button */ = {
			isa = PBXGroup;
			children = (
				F52A654B2843A2730094357B /* ActiveSwitchButton.swift */,
			);
			path = Button;
			sourceTree = "<group>";
		};
		F53771C92812B442003F892D /* WebLayer */ = {
			isa = PBXGroup;
			children = (
				F53771CA2812B4D7003F892D /* Decision.swift */,
				F58A860A281428670005CD34 /* StanderDecision.swift */,
				F53771CB2812B4D7003F892D /* MoyaProvider+Ext.swift */,
				F53771CC2812B4D7003F892D /* Request.swift */,
				F58A8607281411080005CD34 /* HeaderStorage.swift */,
				F58A860C28142A110005CD34 /* RequestBuilder.swift */,
				F58A86092814191A0005CD34 /* AzureApi */,
			);
			path = WebLayer;
			sourceTree = "<group>";
		};
		F58A86092814191A0005CD34 /* AzureApi */ = {
			isa = PBXGroup;
			children = (
				F58A860528140ED10005CD34 /* AzureRequest.swift */,
				F5B5EAD6281454B7000DD57B /* AzureTranslate.swift */,
				F5B5EAD828145720000DD57B /* AzureDictionary.swift */,
				F5CBF5992816DCF00088C801 /* AzureDictionary.json */,
			);
			path = AzureApi;
			sourceTree = "<group>";
		};
		F599B36428E3011600C551D8 /* YoudaoService */ = {
			isa = PBXGroup;
			children = (
				F599B36528E3014100C551D8 /* YDService.swift */,
				F5A4CF7728E5A6A100600E21 /* YDRequest.swift */,
				F5A4CF7B28E6FC0400600E21 /* YDTranslateAPI.swift */,
			);
			path = YoudaoService;
			sourceTree = "<group>";
		};
		F5A1630E280BF19600257ABF /* Libary */ = {
			isa = PBXGroup;
			children = (
				F5A16312280DBAD500257ABF /* CustomExtension */,
				F5A16309280BF13300257ABF /* Coordinating.swift */,
				F5A16308280BF13300257ABF /* Coordinator.swift */,
				F5A1630C280BF14B00257ABF /* TableViewCellTemplate.swift */,
				F5B5EADA28145B6C000DD57B /* PlistReader.swift */,
				F5CBF5972815BFF30088C801 /* Operators.swift */,
				F5CBF5AD2816EEDB0088C801 /* GBig.swift */,
				F5071C9D282BBD8F00813841 /* Speaker.swift */,
				F5E66032283108CB00277222 /* UserDefaultUtility.swift */,
			);
			path = Libary;
			sourceTree = "<group>";
		};
		F5A1630F280C755500257ABF /* CaptureVocabulary */ = {
			isa = PBXGroup;
			children = (
				F5A16306280AE4FB00257ABF /* VisionCaptureViewController.swift */,
				F5A16310280C759600257ABF /* CaptureVocabularyCoordinator.swift */,
				F57F806F29140E4B00B6FD9E /* CaptureVocabularyViewController.swift */,
				F57F807129140EA400B6FD9E /* CaptureVocabularyViewModel.swift */,
			);
			path = CaptureVocabulary;
			sourceTree = "<group>";
		};
		F5A16312280DBAD500257ABF /* CustomExtension */ = {
			isa = PBXGroup;
			children = (
				F5A16313280DBAFA00257ABF /* Array+Ext.swift */,
				F5CBF58C28156B940088C801 /* UIStackView+Ext.swift */,
				F5E64828281E70CA00F8F423 /* String+Ext.swift */,
				F599B36728E306EB00C551D8 /* Data+Ext.swift */,
				F5A4CF7928E6FA0D00600E21 /* Encodable+Ext.swift */,
			);
			path = CustomExtension;
			sourceTree = "<group>";
		};
		F5C2005C28071DE200A3AAB6 = {
			isa = PBXGroup;
			children = (
				F5C2006728071DE200A3AAB6 /* CaptureVocabulary */,
				F5C2006628071DE200A3AAB6 /* Products */,
				C7B333893350BF009DE1DD2F /* Pods */,
				BF02FDD175A511553E67A71A /* Frameworks */,
			);
			sourceTree = "<group>";
		};
		F5C2006628071DE200A3AAB6 /* Products */ = {
			isa = PBXGroup;
			children = (
				F5C2006528071DE200A3AAB6 /* CaptureVocabulary.app */,
			);
			name = Products;
			sourceTree = "<group>";
		};
		F5C2006728071DE200A3AAB6 /* CaptureVocabulary */ = {
			isa = PBXGroup;
			children = (
				F5C2006828071DE200A3AAB6 /* AppDelegate.swift */,
				F5C2006A28071DE200A3AAB6 /* SceneDelegate.swift */,
				F5C2006C28071DE200A3AAB6 /* ViewController.swift */,
				F5C2006E28071DE200A3AAB6 /* Main.storyboard */,
				F5C2007128071DE400A3AAB6 /* Assets.xcassets */,
				F5C2007328071DE400A3AAB6 /* LaunchScreen.storyboard */,
				F5C2007628071DE400A3AAB6 /* Info.plist */,
				F53771C72812985B003F892D /* key.plist */,
				F599B36428E3011600C551D8 /* YoudaoService */,
				F5E6602F2830DF2500277222 /* Review */,
				F50952BB28278192000C74B0 /* Tabbar */,
				F50952C228280B33000C74B0 /* VocabularyCards */,
				F50952BF2827BE46000C74B0 /* VocabularyList */,
				F5A1630F280C755500257ABF /* CaptureVocabulary */,
				F5CBF59128159F850088C801 /* CreateVocabulary */,
				F53771C92812B442003F892D /* WebLayer */,
				F5A1630E280BF19600257ABF /* Libary */,
				F5E6482A281E722C00F8F423 /* SQL */,
				F5CBF58E281571510088C801 /* Components */,
				F5E6603428311BD400277222 /* Settings */,
			);
			path = CaptureVocabulary;
			sourceTree = "<group>";
		};
		F5CBF58E281571510088C801 /* Components */ = {
			isa = PBXGroup;
			children = (
				F52A654A2843A23D0094357B /* Button */,
				F5CBF58F2815718E0088C801 /* PopupViewController.swift */,
				F50952B928267A43000C74B0 /* UIPickerViewController.swift */,
			);
			path = Components;
			sourceTree = "<group>";
		};
		F5CBF59128159F850088C801 /* CreateVocabulary */ = {
			isa = PBXGroup;
			children = (
				F5CBF59328159FE30088C801 /* VocabularyViewController.swift */,
				F5CBF5952815A0480088C801 /* CreateVocabularyCoordinator.swift */,
				F5E4DE3C28F43F6200764328 /* VocabularyViewModel.swift */,
			);
			path = CreateVocabulary;
			sourceTree = "<group>";
		};
		F5E6482A281E722C00F8F423 /* SQL */ = {
			isa = PBXGroup;
			children = (
				F50952B7281FE865000C74B0 /* SQLCore.swift */,
				F50952B5281FE81B000C74B0 /* ORMTranslateAble.swift */,
				F5E6482B281E727100F8F423 /* VocabularyCardORM.swift */,
				F5E64838281EC3BC00F8F423 /* AzureDictionaryORM.swift */,
				F5CB21CF28EEE0DF0052A17E /* YDTranslateORM.swift */,
			);
			path = SQL;
			sourceTree = "<group>";
		};
		F5E6602F2830DF2500277222 /* Review */ = {
			isa = PBXGroup;
			children = (
				F5E660302830DFD100277222 /* ReviewCoordinator.swift */,
			);
			path = Review;
			sourceTree = "<group>";
		};
		F5E6603428311BD400277222 /* Settings */ = {
			isa = PBXGroup;
			children = (
				F5E6603528311BEE00277222 /* UserDefaultsKeys.swift */,
			);
			path = Settings;
			sourceTree = "<group>";
		};
/* End PBXGroup section */

/* Begin PBXNativeTarget section */
		F5C2006428071DE200A3AAB6 /* CaptureVocabulary */ = {
			isa = PBXNativeTarget;
			buildConfigurationList = F5C2007928071DE400A3AAB6 /* Build configuration list for PBXNativeTarget "CaptureVocabulary" */;
			buildPhases = (
				D8837390B48C67253C3626CA /* [CP] Check Pods Manifest.lock */,
				F5C2006128071DE200A3AAB6 /* Sources */,
				F5C2006228071DE200A3AAB6 /* Frameworks */,
				F5C2006328071DE200A3AAB6 /* Resources */,
				CEE4024D46EA42B8A7EBDCAA /* [CP] Embed Pods Frameworks */,
			);
			buildRules = (
			);
			dependencies = (
			);
			name = CaptureVocabulary;
			productName = CaptureVocabulary;
			productReference = F5C2006528071DE200A3AAB6 /* CaptureVocabulary.app */;
			productType = "com.apple.product-type.application";
		};
/* End PBXNativeTarget section */

/* Begin PBXProject section */
		F5C2005D28071DE200A3AAB6 /* Project object */ = {
			isa = PBXProject;
			attributes = {
				BuildIndependentTargetsInParallel = 1;
				LastSwiftUpdateCheck = 1300;
				LastUpgradeCheck = 1300;
				TargetAttributes = {
					F5C2006428071DE200A3AAB6 = {
						CreatedOnToolsVersion = 13.0;
					};
				};
			};
			buildConfigurationList = F5C2006028071DE200A3AAB6 /* Build configuration list for PBXProject "CaptureVocabulary" */;
			compatibilityVersion = "Xcode 13.0";
			developmentRegion = en;
			hasScannedForEncodings = 0;
			knownRegions = (
				en,
				Base,
			);
			mainGroup = F5C2005C28071DE200A3AAB6;
			productRefGroup = F5C2006628071DE200A3AAB6 /* Products */;
			projectDirPath = "";
			projectRoot = "";
			targets = (
				F5C2006428071DE200A3AAB6 /* CaptureVocabulary */,
			);
		};
/* End PBXProject section */

/* Begin PBXResourcesBuildPhase section */
		F5C2006328071DE200A3AAB6 /* Resources */ = {
			isa = PBXResourcesBuildPhase;
			buildActionMask = 2147483647;
			files = (
				F53771C82812985B003F892D /* key.plist in Resources */,
				F5CBF59A2816DCF00088C801 /* AzureDictionary.json in Resources */,
				F5C2007528071DE400A3AAB6 /* LaunchScreen.storyboard in Resources */,
				F5C2007228071DE400A3AAB6 /* Assets.xcassets in Resources */,
				F5C2007028071DE200A3AAB6 /* Main.storyboard in Resources */,
			);
			runOnlyForDeploymentPostprocessing = 0;
		};
/* End PBXResourcesBuildPhase section */

/* Begin PBXShellScriptBuildPhase section */
		CEE4024D46EA42B8A7EBDCAA /* [CP] Embed Pods Frameworks */ = {
			isa = PBXShellScriptBuildPhase;
			buildActionMask = 2147483647;
			files = (
			);
			inputFileListPaths = (
				"${PODS_ROOT}/Target Support Files/Pods-CaptureVocabulary/Pods-CaptureVocabulary-frameworks-${CONFIGURATION}-input-files.xcfilelist",
			);
			name = "[CP] Embed Pods Frameworks";
			outputFileListPaths = (
				"${PODS_ROOT}/Target Support Files/Pods-CaptureVocabulary/Pods-CaptureVocabulary-frameworks-${CONFIGURATION}-output-files.xcfilelist",
			);
			runOnlyForDeploymentPostprocessing = 0;
			shellPath = /bin/sh;
			shellScript = "\"${PODS_ROOT}/Target Support Files/Pods-CaptureVocabulary/Pods-CaptureVocabulary-frameworks.sh\"\n";
			showEnvVarsInLog = 0;
		};
		D8837390B48C67253C3626CA /* [CP] Check Pods Manifest.lock */ = {
			isa = PBXShellScriptBuildPhase;
			buildActionMask = 2147483647;
			files = (
			);
			inputFileListPaths = (
			);
			inputPaths = (
				"${PODS_PODFILE_DIR_PATH}/Podfile.lock",
				"${PODS_ROOT}/Manifest.lock",
			);
			name = "[CP] Check Pods Manifest.lock";
			outputFileListPaths = (
			);
			outputPaths = (
				"$(DERIVED_FILE_DIR)/Pods-CaptureVocabulary-checkManifestLockResult.txt",
			);
			runOnlyForDeploymentPostprocessing = 0;
			shellPath = /bin/sh;
			shellScript = "diff \"${PODS_PODFILE_DIR_PATH}/Podfile.lock\" \"${PODS_ROOT}/Manifest.lock\" > /dev/null\nif [ $? != 0 ] ; then\n    # print error to STDERR\n    echo \"error: The sandbox is not in sync with the Podfile.lock. Run 'pod install' or update your CocoaPods installation.\" >&2\n    exit 1\nfi\n# This output is used by Xcode 'outputs' to avoid re-running this script phase.\necho \"SUCCESS\" > \"${SCRIPT_OUTPUT_FILE_0}\"\n";
			showEnvVarsInLog = 0;
		};
/* End PBXShellScriptBuildPhase section */

/* Begin PBXSourcesBuildPhase section */
		F5C2006128071DE200A3AAB6 /* Sources */ = {
			isa = PBXSourcesBuildPhase;
			buildActionMask = 2147483647;
			files = (
				F58A860628140ED10005CD34 /* AzureRequest.swift in Sources */,
				F52A6549283DDC540094357B /* VocabularyCardCell.swift in Sources */,
				F50952B6281FE81B000C74B0 /* ORMTranslateAble.swift in Sources */,
				F50952BE282781CA000C74B0 /* TabBarCoordinator.swift in Sources */,
				F5C2006D28071DE200A3AAB6 /* ViewController.swift in Sources */,
				F5CBF59428159FE30088C801 /* VocabularyViewController.swift in Sources */,
				F50952C628297B90000C74B0 /* VocabularyListViewController.swift in Sources */,
				F5CBF5AE2816EEDB0088C801 /* GBig.swift in Sources */,
				F5B5EADB28145B6C000DD57B /* PlistReader.swift in Sources */,
				F52A654C2843A2730094357B /* ActiveSwitchButton.swift in Sources */,
				F58A860D28142A110005CD34 /* RequestBuilder.swift in Sources */,
				F58A860B281428670005CD34 /* StanderDecision.swift in Sources */,
				F53771CF2812B4D7003F892D /* Request.swift in Sources */,
				F5E660312830DFD100277222 /* ReviewCoordinator.swift in Sources */,
				F5A16307280AE4FB00257ABF /* VisionCaptureViewController.swift in Sources */,
				F5A1630A280BF13300257ABF /* Coordinator.swift in Sources */,
				F50952B8281FE865000C74B0 /* SQLCore.swift in Sources */,
				F5B5EAD928145720000DD57B /* AzureDictionary.swift in Sources */,
				F5071C9E282BBD8F00813841 /* Speaker.swift in Sources */,
				F5C2006928071DE200A3AAB6 /* AppDelegate.swift in Sources */,
				F57F807029140E4B00B6FD9E /* CaptureVocabularyViewController.swift in Sources */,
				F599B36628E3014100C551D8 /* YDService.swift in Sources */,
				F57F807229140EA400B6FD9E /* CaptureVocabularyViewModel.swift in Sources */,
				F599B36828E306EB00C551D8 /* Data+Ext.swift in Sources */,
				F5CBF5962815A0480088C801 /* CreateVocabularyCoordinator.swift in Sources */,
				F5E66033283108CC00277222 /* UserDefaultUtility.swift in Sources */,
				F58A8608281411080005CD34 /* HeaderStorage.swift in Sources */,
				F5A4CF7828E5A6A100600E21 /* YDRequest.swift in Sources */,
				F5CBF58D28156B940088C801 /* UIStackView+Ext.swift in Sources */,
				F5A16311280C759600257ABF /* CaptureVocabularyCoordinator.swift in Sources */,
				F50952CA28297E1A000C74B0 /* VocabularyListCell.swift in Sources */,
				F50952C828297BC9000C74B0 /* VocabularyListViewModel.swift in Sources */,
				F5E4DE3D28F43F6200764328 /* VocabularyViewModel.swift in Sources */,
				F5E64829281E70CA00F8F423 /* String+Ext.swift in Sources */,
				F5B5EAD7281454B7000DD57B /* AzureTranslate.swift in Sources */,
				F5A1630D280BF14B00257ABF /* TableViewCellTemplate.swift in Sources */,
				F5CBF5982815BFF30088C801 /* Operators.swift in Sources */,
				F5A4CF7C28E6FC0400600E21 /* YDTranslateAPI.swift in Sources */,
				F5E6603628311BEE00277222 /* UserDefaultsKeys.swift in Sources */,
				F53771CE2812B4D7003F892D /* MoyaProvider+Ext.swift in Sources */,
				F5A16314280DBAFA00257ABF /* Array+Ext.swift in Sources */,
				F50952BA28267A43000C74B0 /* UIPickerViewController.swift in Sources */,
				F50952C12827BEB8000C74B0 /* VocabularyListCoordinator.swift in Sources */,
				F53771CD2812B4D7003F892D /* Decision.swift in Sources */,
				F5CB21D028EEE0DF0052A17E /* YDTranslateORM.swift in Sources */,
				F5A1630B280BF13300257ABF /* Coordinating.swift in Sources */,
				F5C2006B28071DE200A3AAB6 /* SceneDelegate.swift in Sources */,
				F50952C428280B62000C74B0 /* VocabularyCardsCoordinator.swift in Sources */,
				F5CBF5902815718E0088C801 /* PopupViewController.swift in Sources */,
				F5A4CF7A28E6FA0D00600E21 /* Encodable+Ext.swift in Sources */,
				F5E64839281EC3BC00F8F423 /* AzureDictionaryORM.swift in Sources */,
				F5E6482C281E727100F8F423 /* VocabularyCardORM.swift in Sources */,
			);
			runOnlyForDeploymentPostprocessing = 0;
		};
/* End PBXSourcesBuildPhase section */

/* Begin PBXVariantGroup section */
		F5C2006E28071DE200A3AAB6 /* Main.storyboard */ = {
			isa = PBXVariantGroup;
			children = (
				F5C2006F28071DE200A3AAB6 /* Base */,
			);
			name = Main.storyboard;
			sourceTree = "<group>";
		};
		F5C2007328071DE400A3AAB6 /* LaunchScreen.storyboard */ = {
			isa = PBXVariantGroup;
			children = (
				F5C2007428071DE400A3AAB6 /* Base */,
			);
			name = LaunchScreen.storyboard;
			sourceTree = "<group>";
		};
/* End PBXVariantGroup section */

/* Begin XCBuildConfiguration section */
		F5C2007728071DE400A3AAB6 /* Debug */ = {
			isa = XCBuildConfiguration;
			buildSettings = {
				ALWAYS_SEARCH_USER_PATHS = NO;
				CLANG_ANALYZER_NONNULL = YES;
				CLANG_ANALYZER_NUMBER_OBJECT_CONVERSION = YES_AGGRESSIVE;
				CLANG_CXX_LANGUAGE_STANDARD = "gnu++17";
				CLANG_CXX_LIBRARY = "libc++";
				CLANG_ENABLE_MODULES = YES;
				CLANG_ENABLE_OBJC_ARC = YES;
				CLANG_ENABLE_OBJC_WEAK = YES;
				CLANG_WARN_BLOCK_CAPTURE_AUTORELEASING = YES;
				CLANG_WARN_BOOL_CONVERSION = YES;
				CLANG_WARN_COMMA = YES;
				CLANG_WARN_CONSTANT_CONVERSION = YES;
				CLANG_WARN_DEPRECATED_OBJC_IMPLEMENTATIONS = YES;
				CLANG_WARN_DIRECT_OBJC_ISA_USAGE = YES_ERROR;
				CLANG_WARN_DOCUMENTATION_COMMENTS = YES;
				CLANG_WARN_EMPTY_BODY = YES;
				CLANG_WARN_ENUM_CONVERSION = YES;
				CLANG_WARN_INFINITE_RECURSION = YES;
				CLANG_WARN_INT_CONVERSION = YES;
				CLANG_WARN_NON_LITERAL_NULL_CONVERSION = YES;
				CLANG_WARN_OBJC_IMPLICIT_RETAIN_SELF = YES;
				CLANG_WARN_OBJC_LITERAL_CONVERSION = YES;
				CLANG_WARN_OBJC_ROOT_CLASS = YES_ERROR;
				CLANG_WARN_QUOTED_INCLUDE_IN_FRAMEWORK_HEADER = YES;
				CLANG_WARN_RANGE_LOOP_ANALYSIS = YES;
				CLANG_WARN_STRICT_PROTOTYPES = YES;
				CLANG_WARN_SUSPICIOUS_MOVE = YES;
				CLANG_WARN_UNGUARDED_AVAILABILITY = YES_AGGRESSIVE;
				CLANG_WARN_UNREACHABLE_CODE = YES;
				CLANG_WARN__DUPLICATE_METHOD_MATCH = YES;
				COPY_PHASE_STRIP = NO;
				DEBUG_INFORMATION_FORMAT = dwarf;
				ENABLE_STRICT_OBJC_MSGSEND = YES;
				ENABLE_TESTABILITY = YES;
				GCC_C_LANGUAGE_STANDARD = gnu11;
				GCC_DYNAMIC_NO_PIC = NO;
				GCC_NO_COMMON_BLOCKS = YES;
				GCC_OPTIMIZATION_LEVEL = 0;
				GCC_PREPROCESSOR_DEFINITIONS = (
					"DEBUG=1",
					"$(inherited)",
				);
				GCC_WARN_64_TO_32_BIT_CONVERSION = YES;
				GCC_WARN_ABOUT_RETURN_TYPE = YES_ERROR;
				GCC_WARN_UNDECLARED_SELECTOR = YES;
				GCC_WARN_UNINITIALIZED_AUTOS = YES_AGGRESSIVE;
				GCC_WARN_UNUSED_FUNCTION = YES;
				GCC_WARN_UNUSED_VARIABLE = YES;
				IPHONEOS_DEPLOYMENT_TARGET = 13.0;
				MTL_ENABLE_DEBUG_INFO = INCLUDE_SOURCE;
				MTL_FAST_MATH = YES;
				ONLY_ACTIVE_ARCH = YES;
				SDKROOT = iphoneos;
				SWIFT_ACTIVE_COMPILATION_CONDITIONS = DEBUG;
				SWIFT_OPTIMIZATION_LEVEL = "-Onone";
			};
			name = Debug;
		};
		F5C2007828071DE400A3AAB6 /* Release */ = {
			isa = XCBuildConfiguration;
			buildSettings = {
				ALWAYS_SEARCH_USER_PATHS = NO;
				CLANG_ANALYZER_NONNULL = YES;
				CLANG_ANALYZER_NUMBER_OBJECT_CONVERSION = YES_AGGRESSIVE;
				CLANG_CXX_LANGUAGE_STANDARD = "gnu++17";
				CLANG_CXX_LIBRARY = "libc++";
				CLANG_ENABLE_MODULES = YES;
				CLANG_ENABLE_OBJC_ARC = YES;
				CLANG_ENABLE_OBJC_WEAK = YES;
				CLANG_WARN_BLOCK_CAPTURE_AUTORELEASING = YES;
				CLANG_WARN_BOOL_CONVERSION = YES;
				CLANG_WARN_COMMA = YES;
				CLANG_WARN_CONSTANT_CONVERSION = YES;
				CLANG_WARN_DEPRECATED_OBJC_IMPLEMENTATIONS = YES;
				CLANG_WARN_DIRECT_OBJC_ISA_USAGE = YES_ERROR;
				CLANG_WARN_DOCUMENTATION_COMMENTS = YES;
				CLANG_WARN_EMPTY_BODY = YES;
				CLANG_WARN_ENUM_CONVERSION = YES;
				CLANG_WARN_INFINITE_RECURSION = YES;
				CLANG_WARN_INT_CONVERSION = YES;
				CLANG_WARN_NON_LITERAL_NULL_CONVERSION = YES;
				CLANG_WARN_OBJC_IMPLICIT_RETAIN_SELF = YES;
				CLANG_WARN_OBJC_LITERAL_CONVERSION = YES;
				CLANG_WARN_OBJC_ROOT_CLASS = YES_ERROR;
				CLANG_WARN_QUOTED_INCLUDE_IN_FRAMEWORK_HEADER = YES;
				CLANG_WARN_RANGE_LOOP_ANALYSIS = YES;
				CLANG_WARN_STRICT_PROTOTYPES = YES;
				CLANG_WARN_SUSPICIOUS_MOVE = YES;
				CLANG_WARN_UNGUARDED_AVAILABILITY = YES_AGGRESSIVE;
				CLANG_WARN_UNREACHABLE_CODE = YES;
				CLANG_WARN__DUPLICATE_METHOD_MATCH = YES;
				COPY_PHASE_STRIP = NO;
				DEBUG_INFORMATION_FORMAT = "dwarf-with-dsym";
				ENABLE_NS_ASSERTIONS = NO;
				ENABLE_STRICT_OBJC_MSGSEND = YES;
				GCC_C_LANGUAGE_STANDARD = gnu11;
				GCC_NO_COMMON_BLOCKS = YES;
				GCC_WARN_64_TO_32_BIT_CONVERSION = YES;
				GCC_WARN_ABOUT_RETURN_TYPE = YES_ERROR;
				GCC_WARN_UNDECLARED_SELECTOR = YES;
				GCC_WARN_UNINITIALIZED_AUTOS = YES_AGGRESSIVE;
				GCC_WARN_UNUSED_FUNCTION = YES;
				GCC_WARN_UNUSED_VARIABLE = YES;
				IPHONEOS_DEPLOYMENT_TARGET = 13.0;
				MTL_ENABLE_DEBUG_INFO = NO;
				MTL_FAST_MATH = YES;
				SDKROOT = iphoneos;
				SWIFT_COMPILATION_MODE = wholemodule;
				SWIFT_OPTIMIZATION_LEVEL = "-O";
				VALIDATE_PRODUCT = YES;
			};
			name = Release;
		};
		F5C2007A28071DE400A3AAB6 /* Debug */ = {
			isa = XCBuildConfiguration;
			baseConfigurationReference = 382A1C8E5C936C3D771D5899 /* Pods-CaptureVocabulary.debug.xcconfig */;
			buildSettings = {
				ASSETCATALOG_COMPILER_APPICON_NAME = AppIcon;
				ASSETCATALOG_COMPILER_GLOBAL_ACCENT_COLOR_NAME = AccentColor;
				CODE_SIGN_IDENTITY = "Apple Development";
				CODE_SIGN_STYLE = Automatic;
				CURRENT_PROJECT_VERSION = 1;
				DEVELOPMENT_TEAM = 473T6T639P;
				GENERATE_INFOPLIST_FILE = YES;
				INFOPLIST_FILE = CaptureVocabulary/Info.plist;
				INFOPLIST_KEY_NSCameraUsageDescription = "調用相機掃描單字";
				INFOPLIST_KEY_UIApplicationSupportsIndirectInputEvents = YES;
				INFOPLIST_KEY_UILaunchStoryboardName = LaunchScreen;
				INFOPLIST_KEY_UIMainStoryboardFile = Main;
				INFOPLIST_KEY_UISupportedInterfaceOrientations = UIInterfaceOrientationPortrait;
				INFOPLIST_KEY_UISupportedInterfaceOrientations_iPad = "UIInterfaceOrientationLandscapeLeft UIInterfaceOrientationLandscapeRight UIInterfaceOrientationPortrait UIInterfaceOrientationPortraitUpsideDown";
				INFOPLIST_KEY_UIUserInterfaceStyle = Light;
				LD_RUNPATH_SEARCH_PATHS = (
					"$(inherited)",
					"@executable_path/Frameworks",
				);
				MARKETING_VERSION = 1.0.10;
				PRODUCT_BUNDLE_IDENTIFIER = "com.elijahTan.capture-vocabulary.CaptureVocabulary";
				PRODUCT_NAME = "$(TARGET_NAME)";
				PROVISIONING_PROFILE_SPECIFIER = "";
				SWIFT_EMIT_LOC_STRINGS = YES;
				SWIFT_VERSION = 5.0;
				TARGETED_DEVICE_FAMILY = 1;
			};
			name = Debug;
		};
		F5C2007B28071DE400A3AAB6 /* Release */ = {
			isa = XCBuildConfiguration;
			baseConfigurationReference = 4C5BDBBA04111B67CDDDFCD4 /* Pods-CaptureVocabulary.release.xcconfig */;
			buildSettings = {
				ASSETCATALOG_COMPILER_APPICON_NAME = AppIcon;
				ASSETCATALOG_COMPILER_GLOBAL_ACCENT_COLOR_NAME = AccentColor;
				CODE_SIGN_IDENTITY = "Apple Development";
				CODE_SIGN_STYLE = Automatic;
				CURRENT_PROJECT_VERSION = 1;
				DEVELOPMENT_TEAM = 473T6T639P;
				GENERATE_INFOPLIST_FILE = YES;
				INFOPLIST_FILE = CaptureVocabulary/Info.plist;
				INFOPLIST_KEY_NSCameraUsageDescription = "調用相機掃描單字";
				INFOPLIST_KEY_UIApplicationSupportsIndirectInputEvents = YES;
				INFOPLIST_KEY_UILaunchStoryboardName = LaunchScreen;
				INFOPLIST_KEY_UIMainStoryboardFile = Main;
				INFOPLIST_KEY_UISupportedInterfaceOrientations = UIInterfaceOrientationPortrait;
				INFOPLIST_KEY_UISupportedInterfaceOrientations_iPad = "UIInterfaceOrientationLandscapeLeft UIInterfaceOrientationLandscapeRight UIInterfaceOrientationPortrait UIInterfaceOrientationPortraitUpsideDown";
				INFOPLIST_KEY_UIUserInterfaceStyle = Light;
				LD_RUNPATH_SEARCH_PATHS = (
					"$(inherited)",
					"@executable_path/Frameworks",
				);
				MARKETING_VERSION = 1.0.10;
				PRODUCT_BUNDLE_IDENTIFIER = "com.elijahTan.capture-vocabulary.CaptureVocabulary";
				PRODUCT_NAME = "$(TARGET_NAME)";
				PROVISIONING_PROFILE_SPECIFIER = "";
				SWIFT_EMIT_LOC_STRINGS = YES;
				SWIFT_VERSION = 5.0;
				TARGETED_DEVICE_FAMILY = 1;
			};
			name = Release;
		};
/* End XCBuildConfiguration section */

/* Begin XCConfigurationList section */
		F5C2006028071DE200A3AAB6 /* Build configuration list for PBXProject "CaptureVocabulary" */ = {
			isa = XCConfigurationList;
			buildConfigurations = (
				F5C2007728071DE400A3AAB6 /* Debug */,
				F5C2007828071DE400A3AAB6 /* Release */,
			);
			defaultConfigurationIsVisible = 0;
			defaultConfigurationName = Release;
		};
		F5C2007928071DE400A3AAB6 /* Build configuration list for PBXNativeTarget "CaptureVocabulary" */ = {
			isa = XCConfigurationList;
			buildConfigurations = (
				F5C2007A28071DE400A3AAB6 /* Debug */,
				F5C2007B28071DE400A3AAB6 /* Release */,
			);
			defaultConfigurationIsVisible = 0;
			defaultConfigurationName = Release;
		};
/* End XCConfigurationList section */
	};
	rootObject = F5C2005D28071DE200A3AAB6 /* Project object */;
}
